// !$*UTF8*$!
{
	archiveVersion = 1;
	classes = {
	};
	objectVersion = 46;
	objects = {

/* Begin PBXBuildFile section */
		67E2A54C19CA90FA005AF590 /* AppDelegate.swift in Sources */ = {isa = PBXBuildFile; fileRef = 67E2A54B19CA90FA005AF590 /* AppDelegate.swift */; };
		67E2A54E19CA90FA005AF590 /* ViewController.swift in Sources */ = {isa = PBXBuildFile; fileRef = 67E2A54D19CA90FA005AF590 /* ViewController.swift */; };
		67E2A55119CA90FA005AF590 /* Main.storyboard in Resources */ = {isa = PBXBuildFile; fileRef = 67E2A54F19CA90FA005AF590 /* Main.storyboard */; };
		67E2A55319CA90FA005AF590 /* Images.xcassets in Resources */ = {isa = PBXBuildFile; fileRef = 67E2A55219CA90FA005AF590 /* Images.xcassets */; };
		67E2A55619CA90FA005AF590 /* LaunchScreen.xib in Resources */ = {isa = PBXBuildFile; fileRef = 67E2A55419CA90FA005AF590 /* LaunchScreen.xib */; };
		67E2A56219CA90FA005AF590 /* tipsTests.swift in Sources */ = {isa = PBXBuildFile; fileRef = 67E2A56119CA90FA005AF590 /* tipsTests.swift */; };
/* End PBXBuildFile section */

/* Begin PBXContainerItemProxy section */
		67E2A55C19CA90FA005AF590 /* PBXContainerItemProxy */ = {
			isa = PBXContainerItemProxy;
			containerPortal = 67E2A53E19CA90FA005AF590 /* Project object */;
			proxyType = 1;
			remoteGlobalIDString = 67E2A54519CA90FA005AF590;
			remoteInfo = tips;
		};
/* End PBXContainerItemProxy section */

/* Begin PBXFileReference section */
		67E2A54619CA90FA005AF590 /* tips.app */ = {isa = PBXFileReference; explicitFileType = wrapper.application; includeInIndex = 0; path = tips.app; sourceTree = BUILT_PRODUCTS_DIR; };
		67E2A54A19CA90FA005AF590 /* Info.plist */ = {isa = PBXFileReference; lastKnownFileType = text.plist.xml; path = Info.plist; sourceTree = "<group>"; };
		67E2A54B19CA90FA005AF590 /* AppDelegate.swift */ = {isa = PBXFileReference; lastKnownFileType = sourcecode.swift; path = AppDelegate.swift; sourceTree = "<group>"; };
		67E2A54D19CA90FA005AF590 /* ViewController.swift */ = {isa = PBXFileReference; lastKnownFileType = sourcecode.swift; path = ViewController.swift; sourceTree = "<group>"; };
		67E2A55019CA90FA005AF590 /* Base */ = {isa = PBXFileReference; lastKnownFileType = file.storyboard; name = Base; path = Base.lproj/Main.storyboard; sourceTree = "<group>"; };
		67E2A55219CA90FA005AF590 /* Images.xcassets */ = {isa = PBXFileReference; lastKnownFileType = folder.assetcatalog; path = Images.xcassets; sourceTree = "<group>"; };
		67E2A55519CA90FA005AF590 /* Base */ = {isa = PBXFileReference; lastKnownFileType = file.xib; name = Base; path = Base.lproj/LaunchScreen.xib; sourceTree = "<group>"; };
		67E2A55B19CA90FA005AF590 /* tipsTests.xctest */ = {isa = PBXFileReference; explicitFileType = wrapper.cfbundle; includeInIndex = 0; path = tipsTests.xctest; sourceTree = BUILT_PRODUCTS_DIR; };
		67E2A56019CA90FA005AF590 /* Info.plist */ = {isa = PBXFileReference; lastKnownFileType = text.plist.xml; path = Info.plist; sourceTree = "<group>"; };
		67E2A56119CA90FA005AF590 /* tipsTests.swift */ = {isa = PBXFileReference; lastKnownFileType = sourcecode.swift; path = tipsTests.swift; sourceTree = "<group>"; };
/* End PBXFileReference section */

/* Begin PBXFrameworksBuildPhase section */
		67E2A54319CA90FA005AF590 /* Frameworks */ = {
			isa = PBXFrameworksBuildPhase;
			buildActionMask = 2147483647;
			files = (
			);
			runOnlyForDeploymentPostprocessing = 0;
		};
		67E2A55819CA90FA005AF590 /* Frameworks */ = {
			isa = PBXFrameworksBuildPhase;
			buildActionMask = 2147483647;
			files = (
			);
			runOnlyForDeploymentPostprocessing = 0;
		};
/* End PBXFrameworksBuildPhase section */

/* Begin PBXGroup section */
		67E2A53D19CA90FA005AF590 = {
			isa = PBXGroup;
			children = (
				67E2A54819CA90FA005AF590 /* tips */,
				67E2A55E19CA90FA005AF590 /* tipsTests */,
				67E2A54719CA90FA005AF590 /* Products */,
			);
			sourceTree = "<group>";
		};
		67E2A54719CA90FA005AF590 /* Products */ = {
			isa = PBXGroup;
			children = (
				67E2A54619CA90FA005AF590 /* tips.app */,
				67E2A55B19CA90FA005AF590 /* tipsTests.xctest */,
			);
			name = Products;
			sourceTree = "<group>";
		};
		67E2A54819CA90FA005AF590 /* tips */ = {
			isa = PBXGroup;
			children = (
				67E2A54B19CA90FA005AF590 /* AppDelegate.swift */,
				67E2A54D19CA90FA005AF590 /* ViewController.swift */,
				67E2A54F19CA90FA005AF590 /* Main.storyboard */,
				67E2A55219CA90FA005AF590 /* Images.xcassets */,
				67E2A55419CA90FA005AF590 /* LaunchScreen.xib */,
				67E2A54919CA90FA005AF590 /* Supporting Files */,
			);
			path = tips;
			sourceTree = "<group>";
		};
		67E2A54919CA90FA005AF590 /* Supporting Files */ = {
			isa = PBXGroup;
			children = (
				67E2A54A19CA90FA005AF590 /* Info.plist */,
			);
			name = "Supporting Files";
			sourceTree = "<group>";
		};
		67E2A55E19CA90FA005AF590 /* tipsTests */ = {
			isa = PBXGroup;
			children = (
				67E2A56119CA90FA005AF590 /* tipsTests.swift */,
				67E2A55F19CA90FA005AF590 /* Supporting Files */,
			);
			path = tipsTests;
			sourceTree = "<group>";
		};
		67E2A55F19CA90FA005AF590 /* Supporting Files */ = {
			isa = PBXGroup;
			children = (
				67E2A56019CA90FA005AF590 /* Info.plist */,
			);
			name = "Supporting Files";
			sourceTree = "<group>";
		};
/* End PBXGroup section */

/* Begin PBXNativeTarget section */
		67E2A54519CA90FA005AF590 /* tips */ = {
			isa = PBXNativeTarget;
			buildConfigurationList = 67E2A56519CA90FA005AF590 /* Build configuration list for PBXNativeTarget "tips" */;
			buildPhases = (
				67E2A54219CA90FA005AF590 /* Sources */,
				67E2A54319CA90FA005AF590 /* Frameworks */,
				67E2A54419CA90FA005AF590 /* Resources */,
			);
			buildRules = (
			);
			dependencies = (
			);
			name = tips;
			productName = tips;
			productReference = 67E2A54619CA90FA005AF590 /* tips.app */;
			productType = "com.apple.product-type.application";
		};
		67E2A55A19CA90FA005AF590 /* tipsTests */ = {
			isa = PBXNativeTarget;
			buildConfigurationList = 67E2A56819CA90FA005AF590 /* Build configuration list for PBXNativeTarget "tipsTests" */;
			buildPhases = (
				67E2A55719CA90FA005AF590 /* Sources */,
				67E2A55819CA90FA005AF590 /* Frameworks */,
				67E2A55919CA90FA005AF590 /* Resources */,
			);
			buildRules = (
			);
			dependencies = (
				67E2A55D19CA90FA005AF590 /* PBXTargetDependency */,
			);
			name = tipsTests;
			productName = tipsTests;
			productReference = 67E2A55B19CA90FA005AF590 /* tipsTests.xctest */;
			productType = "com.apple.product-type.bundle.unit-test";
		};
/* End PBXNativeTarget section */

/* Begin PBXProject section */
		67E2A53E19CA90FA005AF590 /* Project object */ = {
			isa = PBXProject;
			attributes = {
				LastUpgradeCheck = 0600;
				ORGANIZATIONNAME = blend.la;
				TargetAttributes = {
					67E2A54519CA90FA005AF590 = {
						CreatedOnToolsVersion = 6.0;
					};
					67E2A55A19CA90FA005AF590 = {
						CreatedOnToolsVersion = 6.0;
						TestTargetID = 67E2A54519CA90FA005AF590;
					};
				};
			};
			buildConfigurationList = 67E2A54119CA90FA005AF590 /* Build configuration list for PBXProject "tips" */;
			compatibilityVersion = "Xcode 3.2";
			developmentRegion = English;
			hasScannedForEncodings = 0;
			knownRegions = (
				en,
				Base,
			);
			mainGroup = 67E2A53D19CA90FA005AF590;
			productRefGroup = 67E2A54719CA90FA005AF590 /* Products */;
			projectDirPath = "";
			projectRoot = "";
			targets = (
				67E2A54519CA90FA005AF590 /* tips */,
				67E2A55A19CA90FA005AF590 /* tipsTests */,
			);
		};
/* End PBXProject section */

/* Begin PBXResourcesBuildPhase section */
		67E2A54419CA90FA005AF590 /* Resources */ = {
			isa = PBXResourcesBuildPhase;
			buildActionMask = 2147483647;
			files = (
				67E2A55119CA90FA005AF590 /* Main.storyboard in Resources */,
				67E2A55619CA90FA005AF590 /* LaunchScreen.xib in Resources */,
				67E2A55319CA90FA005AF590 /* Images.xcassets in Resources */,
			);
			runOnlyForDeploymentPostprocessing = 0;
		};
		67E2A55919CA90FA005AF590 /* Resources */ = {
			isa = PBXResourcesBuildPhase;
			buildActionMask = 2147483647;
			files = (
			);
			runOnlyForDeploymentPostprocessing = 0;
		};
/* End PBXResourcesBuildPhase section */

/* Begin PBXSourcesBuildPhase section */
		67E2A54219CA90FA005AF590 /* Sources */ = {
			isa = PBXSourcesBuildPhase;
			buildActionMask = 2147483647;
			files = (
				67E2A54E19CA90FA005AF590 /* ViewController.swift in Sources */,
				67E2A54C19CA90FA005AF590 /* AppDelegate.swift in Sources */,
			);
			runOnlyForDeploymentPostprocessing = 0;
		};
		67E2A55719CA90FA005AF590 /* Sources */ = {
			isa = PBXSourcesBuildPhase;
			buildActionMask = 2147483647;
			files = (
				67E2A56219CA90FA005AF590 /* tipsTests.swift in Sources */,
			);
			runOnlyForDeploymentPostprocessing = 0;
		};
/* End PBXSourcesBuildPhase section */

/* Begin PBXTargetDependency section */
		67E2A55D19CA90FA005AF590 /* PBXTargetDependency */ = {
			isa = PBXTargetDependency;
			target = 67E2A54519CA90FA005AF590 /* tips */;
			targetProxy = 67E2A55C19CA90FA005AF590 /* PBXContainerItemProxy */;
		};
/* End PBXTargetDependency section */

/* Begin PBXVariantGroup section */
		67E2A54F19CA90FA005AF590 /* Main.storyboard */ = {
			isa = PBXVariantGroup;
			children = (
				67E2A55019CA90FA005AF590 /* Base */,
			);
			name = Main.storyboard;
			sourceTree = "<group>";
		};
		67E2A55419CA90FA005AF590 /* LaunchScreen.xib */ = {
			isa = PBXVariantGroup;
			children = (
				67E2A55519CA90FA005AF590 /* Base */,
			);
			name = LaunchScreen.xib;
			sourceTree = "<group>";
		};
/* End PBXVariantGroup section */

/* Begin XCBuildConfiguration section */
		67E2A56319CA90FA005AF590 /* Debug */ = {
			isa = XCBuildConfiguration;
			buildSettings = {
				ALWAYS_SEARCH_USER_PATHS = NO;
				CLANG_CXX_LANGUAGE_STANDARD = "gnu++0x";
				CLANG_CXX_LIBRARY = "libc++";
				CLANG_ENABLE_MODULES = YES;
				CLANG_ENABLE_OBJC_ARC = YES;
				CLANG_WARN_BOOL_CONVERSION = YES;
				CLANG_WARN_CONSTANT_CONVERSION = YES;
				CLANG_WARN_DIRECT_OBJC_ISA_USAGE = YES_ERROR;
				CLANG_WARN_EMPTY_BODY = YES;
				CLANG_WARN_ENUM_CONVERSION = YES;
				CLANG_WARN_INT_CONVERSION = YES;
				CLANG_WARN_OBJC_ROOT_CLASS = YES_ERROR;
				CLANG_WARN_UNREACHABLE_CODE = YES;
				CLANG_WARN__DUPLICATE_METHOD_MATCH = YES;
				"CODE_SIGN_IDENTITY[sdk=iphoneos*]" = "iPhone Developer";
				COPY_PHASE_STRIP = NO;
				ENABLE_STRICT_OBJC_MSGSEND = YES;
				GCC_C_LANGUAGE_STANDARD = gnu99;
				GCC_DYNAMIC_NO_PIC = NO;
				GCC_OPTIMIZATION_LEVEL = 0;
				GCC_PREPROCESSOR_DEFINITIONS = (
					"DEBUG=1",
					"$(inherited)",
				);
				GCC_SYMBOLS_PRIVATE_EXTERN = NO;
				GCC_WARN_64_TO_32_BIT_CONVERSION = YES;
				GCC_WARN_ABOUT_RETURN_TYPE = YES_ERROR;
				GCC_WARN_UNDECLARED_SELECTOR = YES;
				GCC_WARN_UNINITIALIZED_AUTOS = YES_AGGRESSIVE;
				GCC_WARN_UNUSED_FUNCTION = YES;
				GCC_WARN_UNUSED_VARIABLE = YES;
				IPHONEOS_DEPLOYMENT_TARGET = 8.0;
				MTL_ENABLE_DEBUG_INFO = YES;
				ONLY_ACTIVE_ARCH = YES;
				SDKROOT = iphoneos;
				SWIFT_OPTIMIZATION_LEVEL = "-Onone";
			};
			name = Debug;
		};
		67E2A56419CA90FA005AF590 /* Release */ = {
			isa = XCBuildConfiguration;
			buildSettings = {
				ALWAYS_SEARCH_USER_PATHS = NO;
				CLANG_CXX_LANGUAGE_STANDARD = "gnu++0x";
				CLANG_CXX_LIBRARY = "libc++";
				CLANG_ENABLE_MODULES = YES;
				CLANG_ENABLE_OBJC_ARC = YES;
				CLANG_WARN_BOOL_CONVERSION = YES;
				CLANG_WARN_CONSTANT_CONVERSION = YES;
				CLANG_WARN_DIRECT_OBJC_ISA_USAGE = YES_ERROR;
				CLANG_WARN_EMPTY_BODY = YES;
				CLANG_WARN_ENUM_CONVERSION = YES;
				CLANG_WARN_INT_CONVERSION = YES;
				CLANG_WARN_OBJC_ROOT_CLASS = YES_ERROR;
				CLANG_WARN_UNREACHABLE_CODE = YES;
				CLANG_WARN__DUPLICATE_METHOD_MATCH = YES;
				"CODE_SIGN_IDENTITY[sdk=iphoneos*]" = "iPhone Developer";
				COPY_PHASE_STRIP = YES;
				ENABLE_NS_ASSERTIONS = NO;
				ENABLE_STRICT_OBJC_MSGSEND = YES;
				GCC_C_LANGUAGE_STANDARD = gnu99;
				GCC_WARN_64_TO_32_BIT_CONVERSION = YES;
				GCC_WARN_ABOUT_RETURN_TYPE = YES_ERROR;
				GCC_WARN_UNDECLARED_SELECTOR = YES;
				GCC_WARN_UNINITIALIZED_AUTOS = YES_AGGRESSIVE;
				GCC_WARN_UNUSED_FUNCTION = YES;
				GCC_WARN_UNUSED_VARIABLE = YES;
				IPHONEOS_DEPLOYMENT_TARGET = 8.0;
				MTL_ENABLE_DEBUG_INFO = NO;
				SDKROOT = iphoneos;
				VALIDATE_PRODUCT = YES;
			};
			name = Release;
		};
		67E2A56619CA90FA005AF590 /* Debug */ = {
			isa = XCBuildConfiguration;
			buildSettings = {
				ASSETCATALOG_COMPILER_APPICON_NAME = AppIcon;
				INFOPLIST_FILE = tips/Info.plist;
				LD_RUNPATH_SEARCH_PATHS = "$(inherited) @executable_path/Frameworks";
				PRODUCT_NAME = "$(TARGET_NAME)";
			};
			name = Debug;
		};
		67E2A56719CA90FA005AF590 /* Release */ = {
			isa = XCBuildConfiguration;
			buildSettings = {
				ASSETCATALOG_COMPILER_APPICON_NAME = AppIcon;
				INFOPLIST_FILE = tips/Info.plist;
				LD_RUNPATH_SEARCH_PATHS = "$(inherited) @executable_path/Frameworks";
				PRODUCT_NAME = "$(TARGET_NAME)";
			};
			name = Release;
		};
		67E2A56919CA90FA005AF590 /* Debug */ = {
			isa = XCBuildConfiguration;
			buildSettings = {
				BUNDLE_LOADER = "$(TEST_HOST)";
				FRAMEWORK_SEARCH_PATHS = (
					"$(SDKROOT)/Developer/Library/Frameworks",
					"$(inherited)",
				);
				GCC_PREPROCESSOR_DEFINITIONS = (
					"DEBUG=1",
					"$(inherited)",
				);
				INFOPLIST_FILE = tipsTests/Info.plist;
				LD_RUNPATH_SEARCH_PATHS = "$(inherited) @executable_path/Frameworks @loader_path/Frameworks";
				PRODUCT_NAME = "$(TARGET_NAME)";
				TEST_HOST = "$(BUILT_PRODUCTS_DIR)/tips.app/tips";
			};
			name = Debug;
		};
		67E2A56A19CA90FA005AF590 /* Release */ = {
			isa = XCBuildConfiguration;
			buildSettings = {
				BUNDLE_LOADER = "$(TEST_HOST)";
				FRAMEWORK_SEARCH_PATHS = (
					"$(SDKROOT)/Developer/Library/Frameworks",
					"$(inherited)",
				);
				INFOPLIST_FILE = tipsTests/Info.plist;
				LD_RUNPATH_SEARCH_PATHS = "$(inherited) @executable_path/Frameworks @loader_path/Frameworks";
				PRODUCT_NAME = "$(TARGET_NAME)";
				TEST_HOST = "$(BUILT_PRODUCTS_DIR)/tips.app/tips";
			};
			name = Release;
		};
/* End XCBuildConfiguration section */

/* Begin XCConfigurationList section */
		67E2A54119CA90FA005AF590 /* Build configuration list for PBXProject "tips" */ = {
			isa = XCConfigurationList;
			buildConfigurations = (
				67E2A56319CA90FA005AF590 /* Debug */,
				67E2A56419CA90FA005AF590 /* Release */,
			);
			defaultConfigurationIsVisible = 0;
			defaultConfigurationName = Release;
		};
		67E2A56519CA90FA005AF590 /* Build configuration list for PBXNativeTarget "tips" */ = {
			isa = XCConfigurationList;
			buildConfigurations = (
				67E2A56619CA90FA005AF590 /* Debug */,
				67E2A56719CA90FA005AF590 /* Release */,
			);
			defaultConfigurationIsVisible = 0;
		};
		67E2A56819CA90FA005AF590 /* Build configuration list for PBXNativeTarget "tipsTests" */ = {
			isa = XCConfigurationList;
			buildConfigurations = (
				67E2A56919CA90FA005AF590 /* Debug */,
				67E2A56A19CA90FA005AF590 /* Release */,
			);
			defaultConfigurationIsVisible = 0;
		};
/* End XCConfigurationList section */
	};
	rootObject = 67E2A53E19CA90FA005AF590 /* Project object */;
}
